
Microsoft Visual Studio Solution File, Format Version 12.00
# Visual Studio 2012
Project("{FAE04EC0-301F-11D3-BF4B-00C04F79EFBC}") = "SpaceScribble", "SpaceScribble\SpaceScribble\SpaceScribble.csproj", "{DF060DC9-E254-4CB8-B8D6-920536D91FC0}"
EndProject
Project("{FAE04EC0-301F-11D3-BF4B-00C04F79EFBC}") = "SpaceScribbleContent", "SpaceScribble\SpaceScribbleContent\SpaceScribbleContent.contentproj", "{5C7C2675-C2B5-43CA-884D-C24BC34E9FFA}"
EndProject
Global
	GlobalSection(SolutionConfigurationPlatforms) = preSolution
		Debug|Windows Phone = Debug|Windows Phone
		Release|Windows Phone = Release|Windows Phone
	EndGlobalSection
	GlobalSection(ProjectConfigurationPlatforms) = postSolution
		{DF060DC9-E254-4CB8-B8D6-920536D91FC0}.Debug|Windows Phone.ActiveCfg = Debug|Windows Phone
		{DF060DC9-E254-4CB8-B8D6-920536D91FC0}.Debug|Windows Phone.Build.0 = Debug|Windows Phone
		{DF060DC9-E254-4CB8-B8D6-920536D91FC0}.Debug|Windows Phone.Deploy.0 = Debug|Windows Phone
		{DF060DC9-E254-4CB8-B8D6-920536D91FC0}.Release|Windows Phone.ActiveCfg = Release|Windows Phone
		{DF060DC9-E254-4CB8-B8D6-920536D91FC0}.Release|Windows Phone.Build.0 = Release|Windows Phone
		{DF060DC9-E254-4CB8-B8D6-920536D91FC0}.Release|Windows Phone.Deploy.0 = Release|Windows Phone
		{5C7C2675-C2B5-43CA-884D-C24BC34E9FFA}.Debug|Windows Phone.ActiveCfg = Debug|Windows Phone
		{5C7C2675-C2B5-43CA-884D-C24BC34E9FFA}.Release|Windows Phone.ActiveCfg = Release|Windows Phone
	EndGlobalSection
	GlobalSection(SolutionProperties) = preSolution
		HideSolutionNode = FALSE
	EndGlobalSection
EndGlobal
